
Microsoft Visual Studio Solution File, Format Version 12.00
# Visual Studio 14
VisualStudioVersion = 14.0.24720.0
MinimumVisualStudioVersion = 10.0.40219.1
Project("{FAE04EC0-301F-11D3-BF4B-00C04F79EFBC}") = "QY.Quartz.Net.Console", "QY.Quartz.Net.Console\QY.Quartz.Net.Console.csproj", "{2CB71C5E-8254-48CB-B269-A27713FFCF04}"
EndProject
Project("{FAE04EC0-301F-11D3-BF4B-00C04F79EFBC}") = "QY.Quartz.Net.Jobs", "QY.Quartz.Net.Jobs\QY.Quartz.Net.Jobs.csproj", "{C55B646C-3EF6-46C3-A9EB-B04291C4F96D}"
EndProject
Project("{FAE04EC0-301F-11D3-BF4B-00C04F79EFBC}") = "QY.Quartz.Net.WindowsService", "QY.Quartz.Net.WindowsService\QY.Quartz.Net.WindowsService.csproj", "{F49EBF69-588E-406F-BB5C-EC73A43AA873}"
EndProject
Global
	GlobalSection(SolutionConfigurationPlatforms) = preSolution
		Debug|Any CPU = Debug|Any CPU
		Release|Any CPU = Release|Any CPU
	EndGlobalSection
	GlobalSection(ProjectConfigurationPlatforms) = postSolution
		{2CB71C5E-8254-48CB-B269-A27713FFCF04}.Debug|Any CPU.ActiveCfg = Debug|Any CPU
		{2CB71C5E-8254-48CB-B269-A27713FFCF04}.Debug|Any CPU.Build.0 = Debug|Any CPU
		{2CB71C5E-8254-48CB-B269-A27713FFCF04}.Release|Any CPU.ActiveCfg = Release|Any CPU
		{2CB71C5E-8254-48CB-B269-A27713FFCF04}.Release|Any CPU.Build.0 = Release|Any CPU
		{C55B646C-3EF6-46C3-A9EB-B04291C4F96D}.Debug|Any CPU.ActiveCfg = Debug|Any CPU
		{C55B646C-3EF6-46C3-A9EB-B04291C4F96D}.Debug|Any CPU.Build.0 = Debug|Any CPU
		{C55B646C-3EF6-46C3-A9EB-B04291C4F96D}.Release|Any CPU.ActiveCfg = Release|Any CPU
		{C55B646C-3EF6-46C3-A9EB-B04291C4F96D}.Release|Any CPU.Build.0 = Release|Any CPU
		{F49EBF69-588E-406F-BB5C-EC73A43AA873}.Debug|Any CPU.ActiveCfg = Debug|Any CPU
		{F49EBF69-588E-406F-BB5C-EC73A43AA873}.Debug|Any CPU.Build.0 = Debug|Any CPU
		{F49EBF69-588E-406F-BB5C-EC73A43AA873}.Release|Any CPU.ActiveCfg = Release|Any CPU
		{F49EBF69-588E-406F-BB5C-EC73A43AA873}.Release|Any CPU.Build.0 = Release|Any CPU
	EndGlobalSection
	GlobalSection(SolutionProperties) = preSolution
		HideSolutionNode = FALSE
	EndGlobalSection
EndGlobal
